
Microsoft Visual Studio Solution File, Format Version 12.00
Project("{FAE04EC0-301F-11D3-BF4B-00C04F79EFBC}") = "OpenNANORGS-SFML", "OpenNANORGS-SFML.csproj", "{07B84873-7BBF-4932-AF1B-16B511A94FDC}"
EndProject
Global
	GlobalSection(SolutionConfigurationPlatforms) = preSolution
		Debug|Any CPU = Debug|Any CPU
		Release|Any CPU = Release|Any CPU
	EndGlobalSection
	GlobalSection(ProjectConfigurationPlatforms) = postSolution
		{07B84873-7BBF-4932-AF1B-16B511A94FDC}.Debug|Any CPU.ActiveCfg = Debug|Any CPU
		{07B84873-7BBF-4932-AF1B-16B511A94FDC}.Debug|Any CPU.Build.0 = Debug|Any CPU
		{07B84873-7BBF-4932-AF1B-16B511A94FDC}.Release|Any CPU.ActiveCfg = Release|Any CPU
		{07B84873-7BBF-4932-AF1B-16B511A94FDC}.Release|Any CPU.Build.0 = Release|Any CPU
	EndGlobalSection
EndGlobal
